
Microsoft Visual Studio Solution File, Format Version 12.00
# Visual Studio Version 17
VisualStudioVersion = 17.9.34622.214
MinimumVisualStudioVersion = 10.0.40219.1
Project("{FAE04EC0-301F-11D3-BF4B-00C04F79EFBC}") = "WorkTaskManagerFrontend", "WorkTaskManagerFrontend.csproj", "{C9FBA1EB-CADA-4E1B-AD20-894D40E57091}"
EndProject
Project("{9A19103F-16F7-4668-BE54-9A1E7A4F7556}") = "Shared", "..\Shared\Shared.csproj", "{EAF098FB-1CDC-4A57-A10A-6C9AE4DA9A48}"
EndProject
Global
	GlobalSection(SolutionConfigurationPlatforms) = preSolution
		Debug|Any CPU = Debug|Any CPU
		Release|Any CPU = Release|Any CPU
	EndGlobalSection
	GlobalSection(ProjectConfigurationPlatforms) = postSolution
		{C9FBA1EB-CADA-4E1B-AD20-894D40E57091}.Debug|Any CPU.ActiveCfg = Debug|Any CPU
		{C9FBA1EB-CADA-4E1B-AD20-894D40E57091}.Debug|Any CPU.Build.0 = Debug|Any CPU
		{C9FBA1EB-CADA-4E1B-AD20-894D40E57091}.Release|Any CPU.ActiveCfg = Release|Any CPU
		{C9FBA1EB-CADA-4E1B-AD20-894D40E57091}.Release|Any CPU.Build.0 = Release|Any CPU
		{EAF098FB-1CDC-4A57-A10A-6C9AE4DA9A48}.Debug|Any CPU.ActiveCfg = Debug|Any CPU
		{EAF098FB-1CDC-4A57-A10A-6C9AE4DA9A48}.Debug|Any CPU.Build.0 = Debug|Any CPU
		{EAF098FB-1CDC-4A57-A10A-6C9AE4DA9A48}.Release|Any CPU.ActiveCfg = Release|Any CPU
		{EAF098FB-1CDC-4A57-A10A-6C9AE4DA9A48}.Release|Any CPU.Build.0 = Release|Any CPU
	EndGlobalSection
	GlobalSection(SolutionProperties) = preSolution
		HideSolutionNode = FALSE
	EndGlobalSection
	GlobalSection(ExtensibilityGlobals) = postSolution
		SolutionGuid = {177DEF38-81C1-4D00-BE3D-CB98A775CF61}
	EndGlobalSection
EndGlobal
